Microsoft Visual Studio Solution File, Format Version 12.00
# Visual Studio Version 16
VisualStudioVersion = 16.0.32126.315
MinimumVisualStudioVersion = 10.0.40219.1
Project("{8BC9CEB8-8B4A-11D0-8D11-00A0C91BC942}") = "01-ValenceViewer", "ValenceViewer\ValenceViewer.vcxproj", "{FB4BF1C8-6B72-4ED1-A437-8F7EA139831E}"
EndProject
Project("{8BC9CEB8-8B4A-11D0-8D11-00A0C91BC942}") = "OpenMesh", "OpenMesh\OpenMesh.vcxproj", "{90CEDDB6-32C4-49BD-AAC5-CE03E533BFDD}"
EndProject
Global
	GlobalSection(SolutionConfigurationPlatforms) = preSolution
		Debug|Win32 = Debug|Win32
		Release|Win32 = Release|Win32
	EndGlobalSection
	GlobalSection(ProjectConfigurationPlatforms) = postSolution
		{FB4BF1C8-6B72-4ED1-A437-8F7EA139831E}.Debug|Win32.ActiveCfg = Debug|Win32
		{FB4BF1C8-6B72-4ED1-A437-8F7EA139831E}.Debug|Win32.Build.0 = Debug|Win32
		{FB4BF1C8-6B72-4ED1-A437-8F7EA139831E}.Release|Win32.ActiveCfg = Release|Win32
		{FB4BF1C8-6B72-4ED1-A437-8F7EA139831E}.Release|Win32.Build.0 = Release|Win32
		{90CEDDB6-32C4-49BD-AAC5-CE03E533BFDD}.Debug|Win32.ActiveCfg = Debug|Win32
		{90CEDDB6-32C4-49BD-AAC5-CE03E533BFDD}.Debug|Win32.Build.0 = Debug|Win32
		{90CEDDB6-32C4-49BD-AAC5-CE03E533BFDD}.Release|Win32.ActiveCfg = Release|Win32
		{90CEDDB6-32C4-49BD-AAC5-CE03E533BFDD}.Release|Win32.Build.0 = Release|Win32
	EndGlobalSection
	GlobalSection(SolutionProperties) = preSolution
		HideSolutionNode = FALSE
	EndGlobalSection
	GlobalSection(ExtensibilityGlobals) = postSolution
		SolutionGuid = {3CECB475-31F5-4BFB-AF6B-5ACB29D1093B}
	EndGlobalSection
EndGlobal
