<?xml version="1.0" encoding="utf-8"?>
<Project ToolsVersion="4.0" xmlns="http://schemas.microsoft.com/developer/msbuild/2003">
  <ItemGroup>
    <Filter Include="Source Files">
      <UniqueIdentifier>{24408047-6cb2-4e6e-bf8c-411fc948b28a}</UniqueIdentifier>
      <Extensions>cpp;c;cxx;rc;def;r;odl;idl;hpj;bat</Extensions>
    </Filter>
    <Filter Include="Header Files">
      <UniqueIdentifier>{742b1a70-2609-4f1a-b849-d1298dfd13a7}</UniqueIdentifier>
      <Extensions>h;hpp;hxx;hm;inl</Extensions>
    </Filter>
    <Filter Include="Resource Files">
      <UniqueIdentifier>{1942c831-d5f9-419b-9f10-ce98b8c44ed8}</UniqueIdentifier>
      <Extensions>ico;cur;bmp;dlg;rc2;rct;bin;rgs;gif;jpg;jpeg;jpe</Extensions>
    </Filter>
  </ItemGroup>
  <ItemGroup>
    <ClCompile Include="Experiment_Frame_One.cpp">
      <Filter>Source Files</Filter>
    </ClCompile>
    <ClCompile Include="Experiment_Frame_OneDoc.cpp">
      <Filter>Source Files</Filter>
    </ClCompile>
    <ClCompile Include="Experiment_Frame_OneView.cpp">
      <Filter>Source Files</Filter>
    </ClCompile>
    <ClCompile Include="InputDialog.cpp">
      <Filter>Source Files</Filter>
    </ClCompile>
    <ClCompile Include="MainFrm.cpp">
      <Filter>Source Files</Filter>
    </ClCompile>
    <ClCompile Include="SettingDlg.cpp">
      <Filter>Source Files</Filter>
    </ClCompile>
    <ClCompile Include="StdAfx.cpp">
      <Filter>Source Files</Filter>
    </ClCompile>
  </ItemGroup>
  <ItemGroup>
    <ResourceCompile Include="Experiment_Frame_One.rc">
      <Filter>Source Files</Filter>
    </ResourceCompile>
  </ItemGroup>
  <ItemGroup>
    <ClInclude Include="Experiment_Frame_One.h">
      <Filter>Header Files</Filter>
    </ClInclude>
    <ClInclude Include="Experiment_Frame_OneDoc.h">
      <Filter>Header Files</Filter>
    </ClInclude>
    <ClInclude Include="Experiment_Frame_OneView.h">
      <Filter>Header Files</Filter>
    </ClInclude>
    <ClInclude Include="InputDialog.h">
      <Filter>Header Files</Filter>
    </ClInclude>
    <ClInclude Include="MainFrm.h">
      <Filter>Header Files</Filter>
    </ClInclude>
    <ClInclude Include="Resource.h">
      <Filter>Header Files</Filter>
    </ClInclude>
    <ClInclude Include="SettingDlg.h">
      <Filter>Header Files</Filter>
    </ClInclude>
    <ClInclude Include="StdAfx.h">
      <Filter>Header Files</Filter>
    </ClInclude>
  </ItemGroup>
  <ItemGroup>
    <Image Include="res\Experiment_Frame_One.ico">
      <Filter>Resource Files</Filter>
    </Image>
    <Image Include="res\Experiment_Frame_OneDoc.ico">
      <Filter>Resource Files</Filter>
    </Image>
    <Image Include="res\Toolbar.bmp">
      <Filter>Resource Files</Filter>
    </Image>
  </ItemGroup>
  <ItemGroup>
    <Text Include="ReadMe.txt" />
  </ItemGroup>
  <ItemGroup>
    <CustomBuild Include="res\Experiment_Frame_One.rc2">
      <Filter>Resource Files</Filter>
    </CustomBuild>
  </ItemGroup>
</Project>